{
  "requires": true,
  "lockfileVersion": 1,
  "dependencies": {
    "@types/asap": {
      "version": "2.0.0",
      "resolved": "https://registry.npmjs.org/@types/asap/-/asap-2.0.0.tgz",
      "integrity": "sha512-upIS0Gt9Mc8eEpCbYMZ1K8rhNosfKUtimNcINce+zLwJF5UpM3Vv7yz3S5l/1IX+DxTa8lTkUjqynvjRXyJzsg=="
    },
    "@types/hoist-non-react-statics": {
      "version": "3.3.1",
      "resolved": "https://registry.npmjs.org/@types/hoist-non-react-statics/-/hoist-non-react-statics-3.3.1.tgz",
      "integrity": "sha512-iMIqiko6ooLrTh1joXodJK5X9xeEALT1kM5G3ZLhD3hszxBdIEd5C75U834D9mLcINgD4OyZf5uQXjkuYydWvA==",
      "requires": {
        "@types/react": "*",
        "hoist-non-react-statics": "^3.3.0"
      }
    },
    "@types/invariant": {
      "version": "2.2.30",
      "resolved": "https://registry.npmjs.org/@types/invariant/-/invariant-2.2.30.tgz",
      "integrity": "sha512-98fB+yo7imSD2F7PF7GIpELNgtLNgo5wjivu0W5V4jx+KVVJxo6p/qN4zdzSTBWy4/sN3pPyXwnhRSD28QX+ag=="
    },
    "@types/prop-types": {
      "version": "15.7.3",
      "resolved": "https://registry.npmjs.org/@types/prop-types/-/prop-types-15.7.3.tgz",
      "integrity": "sha512-KfRL3PuHmqQLOG+2tGpRO26Ctg+Cq1E01D2DMriKEATHgWLfeNDmq9e29Q9WIky0dQ3NPkd1mzYH8Lm936Z9qw=="
    },
    "@types/react": {
      "version": "16.9.11",
      "resolved": "https://registry.npmjs.org/@types/react/-/react-16.9.11.tgz",
      "integrity": "sha512-UBT4GZ3PokTXSWmdgC/GeCGEJXE5ofWyibCcecRLUVN2ZBpXQGVgQGtG2foS7CrTKFKlQVVswLvf7Js6XA/CVQ==",
      "requires": {
        "@types/prop-types": "*",
        "csstype": "^2.2.0"
      }
    },
    "@types/shallowequal": {
      "version": "1.1.1",
      "resolved": "https://registry.npmjs.org/@types/shallowequal/-/shallowequal-1.1.1.tgz",
      "integrity": "sha512-Lhni3aX80zbpdxRuWhnuYPm8j8UQaa571lHP/xI4W+7BAFhSIhRReXnqjEgT/XzPoXZTJkCqstFMJ8CZTK6IlQ=="
    },
    "asap": {
      "version": "2.0.6",
      "resolved": "https://registry.npmjs.org/asap/-/asap-2.0.6.tgz",
      "integrity": "sha1-5QNHYR1+aQlDIIu9r+vLwvuGbUY="
    },
    "csstype": {
      "version": "2.6.7",
      "resolved": "https://registry.npmjs.org/csstype/-/csstype-2.6.7.tgz",
      "integrity": "sha512-9Mcn9sFbGBAdmimWb2gLVDtFJzeKtDGIr76TUqmjZrw9LFXBMSU70lcs+C0/7fyCd6iBDqmksUcCOUIkisPHsQ=="
    },
    "dnd-core": {
      "version": "9.4.0",
      "resolved": "https://registry.npmjs.org/dnd-core/-/dnd-core-9.4.0.tgz",
      "integrity": "sha512-Kg+8VwU8s7TgdR/BUYGUHrvFiS+5ePMZ0Q0XD7p+cFVJvgKqykBaeQDuaziuauFMPm8QxtnUy8Pncey9flXW3Q==",
      "requires": {
        "@types/asap": "^2.0.0",
        "@types/invariant": "^2.2.30",
        "asap": "^2.0.6",
        "invariant": "^2.2.4",
        "redux": "^4.0.4"
      }
    },
    "hoist-non-react-statics": {
      "version": "3.3.0",
      "resolved": "https://registry.npmjs.org/hoist-non-react-statics/-/hoist-non-react-statics-3.3.0.tgz",
      "integrity": "sha512-0XsbTXxgiaCDYDIWFcwkmerZPSwywfUqYmwT4jzewKTQSWoE6FCMoUVOeBJWK3E/CrWbxRG3m5GzY4lnIwGRBA==",
      "requires": {
        "react-is": "^16.7.0"
      }
    },
    "invariant": {
      "version": "2.2.4",
      "resolved": "https://registry.npmjs.org/invariant/-/invariant-2.2.4.tgz",
      "integrity": "sha512-phJfQVBuaJM5raOpJjSfkiD6BpbCE4Ns//LaXl6wGYtUBY83nWS6Rf9tXm2e8VaK60JEjYldbPif/A2B1C2gNA==",
      "requires": {
        "loose-envify": "^1.0.0"
      }
    },
    "js-tokens": {
      "version": "4.0.0",
      "resolved": "https://registry.npmjs.org/js-tokens/-/js-tokens-4.0.0.tgz",
      "integrity": "sha512-RdJUflcE3cUzKiMqQgsCu06FPu9UdIJO0beYbPhHN4k6apgJtifcoCtT9bcxOpYBtpD2kCM6Sbzg4CausW/PKQ=="
    },
    "loose-envify": {
      "version": "1.4.0",
      "resolved": "https://registry.npmjs.org/loose-envify/-/loose-envify-1.4.0.tgz",
      "integrity": "sha512-lyuxPGr/Wfhrlem2CL/UcnUc1zcqKAImBDzukY7Y5F/yQiNdko6+fRLevlw1HgMySw7f611UIY408EtxRSoK3Q==",
      "requires": {
        "js-tokens": "^3.0.0 || ^4.0.0"
      }
    },
    "react-is": {
      "version": "16.11.0",
      "resolved": "https://registry.npmjs.org/react-is/-/react-is-16.11.0.tgz",
      "integrity": "sha512-gbBVYR2p8mnriqAwWx9LbuUrShnAuSCNnuPGyc7GJrMVQtPDAh8iLpv7FRuMPFb56KkaVZIYSz1PrjI9q0QPCw=="
    },
    "redux": {
      "version": "4.0.4",
      "resolved": "https://registry.npmjs.org/redux/-/redux-4.0.4.tgz",
      "integrity": "sha512-vKv4WdiJxOWKxK0yRoaK3Y4pxxB0ilzVx6dszU2W8wLxlb2yikRph4iV/ymtdJ6ZxpBLFbyrxklnT5yBbQSl3Q==",
      "requires": {
        "loose-envify": "^1.4.0",
        "symbol-observable": "^1.2.0"
      }
    },
    "shallowequal": {
      "version": "1.1.0",
      "resolved": "https://registry.npmjs.org/shallowequal/-/shallowequal-1.1.0.tgz",
      "integrity": "sha512-y0m1JoUZSlPAjXVtPPW70aZWfIL/dSP7AFkRnniLCrK/8MDKog3TySTBmckD+RObVxH0v4Tox67+F14PdED2oQ=="
    },
    "symbol-observable": {
      "version": "1.2.0",
      "resolved": "https://registry.npmjs.org/symbol-observable/-/symbol-observable-1.2.0.tgz",
      "integrity": "sha512-e900nM8RRtGhlV36KGEU9k65K3mPb1WV70OdjfxlG2EAuM1noi/E/BaW/uMhL7bPEssK8QV57vN3esixjUvcXQ=="
    }
  }
}
